
Microsoft Visual Studio Solution File, Format Version 12.00
# Visual Studio Version 17
VisualStudioVersion = 17.14.36623.8
MinimumVisualStudioVersion = 10.0.40219.1
Project("{2150E333-8FDC-42A3-9474-1A3956D46DE8}") = "Chapter00", "Chapter00", "{DDB4EF12-CC4E-5E88-E6FC-71A802F4DE97}"
EndProject
Project("{FAE04EC0-301F-11D3-BF4B-00C04F79EFBC}") = "Sample0416", "Chapter00\Sample0416\Sample0416.csproj", "{8D2F4E51-97DC-43F3-A6EC-02D97B7175FE}"
EndProject
Project("{FAE04EC0-301F-11D3-BF4B-00C04F79EFBC}") = "sample0415", "Chapter00\sample0415\sample0415\sample0415.csproj", "{D0F00D84-AD20-C5D6-67FE-85D6CB59A7CE}"
EndProject
Project("{FAE04EC0-301F-11D3-BF4B-00C04F79EFBC}") = "sample0413", "Chapter00\sample0413\sample0413\sample0413.csproj", "{EB11C1AF-3BBE-9D8B-B13B-CEF382F22312}"
EndProject
Project("{2150E333-8FDC-42A3-9474-1A3956D46DE8}") = "Chapter01", "Chapter01", "{F59B5244-9216-4579-AA98-67731D157C60}"
EndProject
Project("{2150E333-8FDC-42A3-9474-1A3956D46DE8}") = "Chapter02", "Chapter02", "{5CB48D3C-65E9-49F1-A666-21A9D2011DB8}"
EndProject
Project("{2150E333-8FDC-42A3-9474-1A3956D46DE8}") = "距離換算プログラム", "距離換算プログラム", "{457BDFF9-F9F9-422C-87BA-E87D317E7A4F}"
EndProject
Project("{FAE04EC0-301F-11D3-BF4B-00C04F79EFBC}") = "DistanceConverter", "Chapter02\距離換算プログラム\DistanceConverter\DistanceConverter.csproj", "{6BD0B93C-1456-4549-AA8C-524B6DCEC1A7}"
EndProject
Project("{2150E333-8FDC-42A3-9474-1A3956D46DE8}") = "Chapter04", "Chapter04", "{E6AAFA91-59EB-4CB1-8C1F-A33AC1A3744F}"
EndProject
Project("{2150E333-8FDC-42A3-9474-1A3956D46DE8}") = "P108_文字列を数値に変換する", "P108_文字列を数値に変換する", "{2F757446-1FFB-4A39-BE42-7304CFA4C046}"
EndProject
Project("{FAE04EC0-301F-11D3-BF4B-00C04F79EFBC}") = "Code4_36", "Chapter04\P108_文字列を数値に変換する\Code4_36\Code4_36.csproj", "{AC2DBA80-72E2-4434-83B0-24A0E68277A0}"
EndProject
Project("{2150E333-8FDC-42A3-9474-1A3956D46DE8}") = "売上集計プログラム", "売上集計プログラム", "{77529760-4818-4B02-8611-5EC56F9412D1}"
EndProject
Project("{FAE04EC0-301F-11D3-BF4B-00C04F79EFBC}") = "SalesCalculator", "Chapter02\売り上げ集計プログラム\SalesCalculator\SalesCalculator.csproj", "{4A18319B-75D1-44DB-9A2B-CD97B45F1496}"
EndProject
Project("{2150E333-8FDC-42A3-9474-1A3956D46DE8}") = "演習問題", "演習問題", "{CA6135ED-1C69-4152-A605-A4DA588D6C16}"
EndProject
Project("{FAE04EC0-301F-11D3-BF4B-00C04F79EFBC}") = "Exercise01", "Chapter02\演習問題\Exercise01\Exercise01.csproj", "{2B83037F-3E26-4505-A010-5C6CA5E1C3F5}"
EndProject
Project("{FAE04EC0-301F-11D3-BF4B-00C04F79EFBC}") = "Exercise02", "Chapter02\演習問題\Exercise02\Exercise02.csproj", "{51F849FD-5D3F-4C2D-AC3A-F495D0429671}"
EndProject
Project("{2150E333-8FDC-42A3-9474-1A3956D46DE8}") = "Chapter03", "Chapter03", "{EB9D1B79-BC79-4180-B3EA-5F679BFA3C86}"
EndProject
Project("{2150E333-8FDC-42A3-9474-1A3956D46DE8}") = "ラムダ式とLINQ", "ラムダ式とLINQ", "{5C5F81B7-DAEA-4236-A7C9-31447F71F0AE}"
EndProject
Project("{FAE04EC0-301F-11D3-BF4B-00C04F79EFBC}") = "Section01", "Chapter03\ラムダ式とLINQ\Section01\Section01.csproj", "{9D60FCCE-4379-457E-80E9-761A0201D373}"
EndProject
Project("{FAE04EC0-301F-11D3-BF4B-00C04F79EFBC}") = "Section04", "Chapter03\ラムダ式とLINQ\Section04\Section04.csproj", "{82FE85FA-EE81-4502-B7EF-E735CE9EF6CE}"
EndProject
Project("{2150E333-8FDC-42A3-9474-1A3956D46DE8}") = "演習問題", "演習問題", "{0B0C7360-CB6E-469C-B17C-38C80AA45393}"
EndProject
Project("{FAE04EC0-301F-11D3-BF4B-00C04F79EFBC}") = "Exercise01", "Chapter03\演習問題\Exercise01\Exercise01.csproj", "{AB419EE4-F5A3-4431-A30A-DF625E14C589}"
EndProject
Project("{FAE04EC0-301F-11D3-BF4B-00C04F79EFBC}") = "Exercise02", "Chapter03\演習問題\Exercise02\Exercise02.csproj", "{9661600F-9E2E-EC39-AFA2-64DBC15CE967}"
EndProject
Project("{2150E333-8FDC-42A3-9474-1A3956D46DE8}") = "P098_unllに関するイディオム", "P098_unllに関するイディオム", "{DCD2D745-66E8-4157-B1E1-B0A529FFF88F}"
EndProject
Project("{FAE04EC0-301F-11D3-BF4B-00C04F79EFBC}") = "Section04", "Chapter04\nullに関するイディオム\Section04\Section04.csproj", "{85E2FC25-91CF-4A20-B07E-537D1FDD450A}"
EndProject
Project("{2150E333-8FDC-42A3-9474-1A3956D46DE8}") = "演習問題", "演習問題", "{5D02304B-D35C-4226-9733-AAF9A3FCCF6B}"
EndProject
Project("{FAE04EC0-301F-11D3-BF4B-00C04F79EFBC}") = "Exercise01", "Chapter04\演習問題\Exercise01\Exercise01.csproj", "{8928391E-69DF-45CB-B084-0FDA0D9D6574}"
EndProject
Project("{FAE04EC0-301F-11D3-BF4B-00C04F79EFBC}") = "Exercise02", "Chapter04\演習問題\Exercise02\Exercise02.csproj", "{C1D63E63-E64B-FCB7-4276-5EBCB0FEC291}"
EndProject
Project("{2150E333-8FDC-42A3-9474-1A3956D46DE8}") = "Chapter05", "Chapter05", "{1E97B342-7D2A-4848-9B87-4CF1BFFE3A47}"
EndProject
Project("{2150E333-8FDC-42A3-9474-1A3956D46DE8}") = "プロパティに関するイディオム", "プロパティに関するイディオム", "{3BB98DD6-CA89-42A2-B5FE-78251202AEB8}"
EndProject
Project("{FAE04EC0-301F-11D3-BF4B-00C04F79EFBC}") = "Section01", "Chapter05\プロパティに関するイディオム\Section01\Section01.csproj", "{FCB14BB4-C3C0-475D-8CFF-BAEAE6C8F77D}"
EndProject
Project("{2150E333-8FDC-42A3-9474-1A3956D46DE8}") = "メソッドに関するイディオム", "メソッドに関するイディオム", "{111A3B26-BC01-4382-AA3F-60B6B7F58937}"
EndProject
Project("{FAE04EC0-301F-11D3-BF4B-00C04F79EFBC}") = "Section02", "Chapter05\メソッドに関するイディオム\Section02\Section02.csproj", "{56CFCC2D-69B2-4709-BC28-E548DE08C774}"
EndProject
Project("{2150E333-8FDC-42A3-9474-1A3956D46DE8}") = "演習問題", "演習問題", "{B372AFB8-512A-4A39-8A6E-DAA6382F0F0D}"
EndProject
Project("{FAE04EC0-301F-11D3-BF4B-00C04F79EFBC}") = "Exercise01", "Chapter05\演習問題\Exercise01\Exercise01.csproj", "{B0B770BF-44E2-4215-AB88-AC9F4D1308F6}"
EndProject
Project("{FAE04EC0-301F-11D3-BF4B-00C04F79EFBC}") = "Exercise02", "Chapter05\演習問題\Exercise02\Exercise02.csproj", "{A3ACA33D-6226-7668-2993-2FC9EA8C783B}"
EndProject
Project("{FAE04EC0-301F-11D3-BF4B-00C04F79EFBC}") = "Exercise03", "Chapter05\演習問題\Exercise03\Exercise03.csproj", "{D9DF0763-41E0-4C77-B912-13A338CCAD18}"
EndProject
Project("{2150E333-8FDC-42A3-9474-1A3956D46DE8}") = "chapter06", "chapter06", "{814AA2D9-97EA-407F-A38C-90BF313F6B15}"
EndProject
Project("{2150E333-8FDC-42A3-9474-1A3956D46DE8}") = "文字列の比較", "文字列の比較", "{0858CC3A-B327-46AE-8CB6-745A305613E7}"
EndProject
Project("{FAE04EC0-301F-11D3-BF4B-00C04F79EFBC}") = "Section01", "chapter06\文字列の比較\Section01\Section01.csproj", "{A855E147-AA6C-40A4-9ACB-FA9CF0EBF3E8}"
EndProject
Project("{2150E333-8FDC-42A3-9474-1A3956D46DE8}") = "演習問題", "演習問題", "{1387930F-04D4-4EAD-B902-7EA11162D2CB}"
EndProject
Project("{FAE04EC0-301F-11D3-BF4B-00C04F79EFBC}") = "Exercise01", "chapter06\演習問題\Exercise01\Exercise01.csproj", "{6F9DD112-2ADE-446B-BB99-23C33A135765}"
EndProject
Project("{FAE04EC0-301F-11D3-BF4B-00C04F79EFBC}") = "Exercise02", "chapter06\演習問題\Exercise02\Exercise02.csproj", "{9A2DC0A0-F319-4461-8AE9-D9120043D0E6}"
EndProject
Project("{FAE04EC0-301F-11D3-BF4B-00C04F79EFBC}") = "Exercise03", "chapter06\演習問題\Exercise03\Exercise03.csproj", "{766DC129-B7E6-6BE5-67FF-02794A6C9D6A}"
EndProject
Project("{2150E333-8FDC-42A3-9474-1A3956D46DE8}") = "文字列の連結と分割", "文字列の連結と分割", "{2286E314-8C3C-4E46-89A0-2A253A6E9124}"
EndProject
Project("{FAE04EC0-301F-11D3-BF4B-00C04F79EFBC}") = "Section05", "chapter06\文字列の連結と分割\Section05\Section05.csproj", "{120C5457-B450-4D49-AE70-D8DAFCD7247E}"
EndProject
Global
	GlobalSection(SolutionConfigurationPlatforms) = preSolution
		Debug|Any CPU = Debug|Any CPU
		Release|Any CPU = Release|Any CPU
	EndGlobalSection
	GlobalSection(ProjectConfigurationPlatforms) = postSolution
		{8D2F4E51-97DC-43F3-A6EC-02D97B7175FE}.Debug|Any CPU.ActiveCfg = Debug|Any CPU
		{8D2F4E51-97DC-43F3-A6EC-02D97B7175FE}.Debug|Any CPU.Build.0 = Debug|Any CPU
		{8D2F4E51-97DC-43F3-A6EC-02D97B7175FE}.Release|Any CPU.ActiveCfg = Release|Any CPU
		{8D2F4E51-97DC-43F3-A6EC-02D97B7175FE}.Release|Any CPU.Build.0 = Release|Any CPU
		{D0F00D84-AD20-C5D6-67FE-85D6CB59A7CE}.Debug|Any CPU.ActiveCfg = Debug|Any CPU
		{D0F00D84-AD20-C5D6-67FE-85D6CB59A7CE}.Debug|Any CPU.Build.0 = Debug|Any CPU
		{D0F00D84-AD20-C5D6-67FE-85D6CB59A7CE}.Release|Any CPU.ActiveCfg = Release|Any CPU
		{D0F00D84-AD20-C5D6-67FE-85D6CB59A7CE}.Release|Any CPU.Build.0 = Release|Any CPU
		{EB11C1AF-3BBE-9D8B-B13B-CEF382F22312}.Debug|Any CPU.ActiveCfg = Debug|Any CPU
		{EB11C1AF-3BBE-9D8B-B13B-CEF382F22312}.Debug|Any CPU.Build.0 = Debug|Any CPU
		{EB11C1AF-3BBE-9D8B-B13B-CEF382F22312}.Release|Any CPU.ActiveCfg = Release|Any CPU
		{EB11C1AF-3BBE-9D8B-B13B-CEF382F22312}.Release|Any CPU.Build.0 = Release|Any CPU
		{6BD0B93C-1456-4549-AA8C-524B6DCEC1A7}.Debug|Any CPU.ActiveCfg = Debug|Any CPU
		{6BD0B93C-1456-4549-AA8C-524B6DCEC1A7}.Debug|Any CPU.Build.0 = Debug|Any CPU
		{6BD0B93C-1456-4549-AA8C-524B6DCEC1A7}.Release|Any CPU.ActiveCfg = Release|Any CPU
		{6BD0B93C-1456-4549-AA8C-524B6DCEC1A7}.Release|Any CPU.Build.0 = Release|Any CPU
		{AC2DBA80-72E2-4434-83B0-24A0E68277A0}.Debug|Any CPU.ActiveCfg = Debug|Any CPU
		{AC2DBA80-72E2-4434-83B0-24A0E68277A0}.Debug|Any CPU.Build.0 = Debug|Any CPU
		{AC2DBA80-72E2-4434-83B0-24A0E68277A0}.Release|Any CPU.ActiveCfg = Release|Any CPU
		{AC2DBA80-72E2-4434-83B0-24A0E68277A0}.Release|Any CPU.Build.0 = Release|Any CPU
		{4A18319B-75D1-44DB-9A2B-CD97B45F1496}.Debug|Any CPU.ActiveCfg = Debug|Any CPU
		{4A18319B-75D1-44DB-9A2B-CD97B45F1496}.Debug|Any CPU.Build.0 = Debug|Any CPU
		{4A18319B-75D1-44DB-9A2B-CD97B45F1496}.Release|Any CPU.ActiveCfg = Release|Any CPU
		{4A18319B-75D1-44DB-9A2B-CD97B45F1496}.Release|Any CPU.Build.0 = Release|Any CPU
		{2B83037F-3E26-4505-A010-5C6CA5E1C3F5}.Debug|Any CPU.ActiveCfg = Debug|Any CPU
		{2B83037F-3E26-4505-A010-5C6CA5E1C3F5}.Debug|Any CPU.Build.0 = Debug|Any CPU
		{2B83037F-3E26-4505-A010-5C6CA5E1C3F5}.Release|Any CPU.ActiveCfg = Release|Any CPU
		{2B83037F-3E26-4505-A010-5C6CA5E1C3F5}.Release|Any CPU.Build.0 = Release|Any CPU
		{51F849FD-5D3F-4C2D-AC3A-F495D0429671}.Debug|Any CPU.ActiveCfg = Debug|Any CPU
		{51F849FD-5D3F-4C2D-AC3A-F495D0429671}.Debug|Any CPU.Build.0 = Debug|Any CPU
		{51F849FD-5D3F-4C2D-AC3A-F495D0429671}.Release|Any CPU.ActiveCfg = Release|Any CPU
		{51F849FD-5D3F-4C2D-AC3A-F495D0429671}.Release|Any CPU.Build.0 = Release|Any CPU
		{9D60FCCE-4379-457E-80E9-761A0201D373}.Debug|Any CPU.ActiveCfg = Debug|Any CPU
		{9D60FCCE-4379-457E-80E9-761A0201D373}.Debug|Any CPU.Build.0 = Debug|Any CPU
		{9D60FCCE-4379-457E-80E9-761A0201D373}.Release|Any CPU.ActiveCfg = Release|Any CPU
		{9D60FCCE-4379-457E-80E9-761A0201D373}.Release|Any CPU.Build.0 = Release|Any CPU
		{82FE85FA-EE81-4502-B7EF-E735CE9EF6CE}.Debug|Any CPU.ActiveCfg = Debug|Any CPU
		{82FE85FA-EE81-4502-B7EF-E735CE9EF6CE}.Debug|Any CPU.Build.0 = Debug|Any CPU
		{82FE85FA-EE81-4502-B7EF-E735CE9EF6CE}.Release|Any CPU.ActiveCfg = Release|Any CPU
		{82FE85FA-EE81-4502-B7EF-E735CE9EF6CE}.Release|Any CPU.Build.0 = Release|Any CPU
		{AB419EE4-F5A3-4431-A30A-DF625E14C589}.Debug|Any CPU.ActiveCfg = Debug|Any CPU
		{AB419EE4-F5A3-4431-A30A-DF625E14C589}.Debug|Any CPU.Build.0 = Debug|Any CPU
		{AB419EE4-F5A3-4431-A30A-DF625E14C589}.Release|Any CPU.ActiveCfg = Release|Any CPU
		{AB419EE4-F5A3-4431-A30A-DF625E14C589}.Release|Any CPU.Build.0 = Release|Any CPU
		{9661600F-9E2E-EC39-AFA2-64DBC15CE967}.Debug|Any CPU.ActiveCfg = Debug|Any CPU
		{9661600F-9E2E-EC39-AFA2-64DBC15CE967}.Debug|Any CPU.Build.0 = Debug|Any CPU
		{9661600F-9E2E-EC39-AFA2-64DBC15CE967}.Release|Any CPU.ActiveCfg = Release|Any CPU
		{9661600F-9E2E-EC39-AFA2-64DBC15CE967}.Release|Any CPU.Build.0 = Release|Any CPU
		{85E2FC25-91CF-4A20-B07E-537D1FDD450A}.Debug|Any CPU.ActiveCfg = Debug|Any CPU
		{85E2FC25-91CF-4A20-B07E-537D1FDD450A}.Debug|Any CPU.Build.0 = Debug|Any CPU
		{85E2FC25-91CF-4A20-B07E-537D1FDD450A}.Release|Any CPU.ActiveCfg = Release|Any CPU
		{85E2FC25-91CF-4A20-B07E-537D1FDD450A}.Release|Any CPU.Build.0 = Release|Any CPU
		{8928391E-69DF-45CB-B084-0FDA0D9D6574}.Debug|Any CPU.ActiveCfg = Debug|Any CPU
		{8928391E-69DF-45CB-B084-0FDA0D9D6574}.Debug|Any CPU.Build.0 = Debug|Any CPU
		{8928391E-69DF-45CB-B084-0FDA0D9D6574}.Release|Any CPU.ActiveCfg = Release|Any CPU
		{8928391E-69DF-45CB-B084-0FDA0D9D6574}.Release|Any CPU.Build.0 = Release|Any CPU
		{C1D63E63-E64B-FCB7-4276-5EBCB0FEC291}.Debug|Any CPU.ActiveCfg = Debug|Any CPU
		{C1D63E63-E64B-FCB7-4276-5EBCB0FEC291}.Debug|Any CPU.Build.0 = Debug|Any CPU
		{C1D63E63-E64B-FCB7-4276-5EBCB0FEC291}.Release|Any CPU.ActiveCfg = Release|Any CPU
		{C1D63E63-E64B-FCB7-4276-5EBCB0FEC291}.Release|Any CPU.Build.0 = Release|Any CPU
		{FCB14BB4-C3C0-475D-8CFF-BAEAE6C8F77D}.Debug|Any CPU.ActiveCfg = Debug|Any CPU
		{FCB14BB4-C3C0-475D-8CFF-BAEAE6C8F77D}.Debug|Any CPU.Build.0 = Debug|Any CPU
		{FCB14BB4-C3C0-475D-8CFF-BAEAE6C8F77D}.Release|Any CPU.ActiveCfg = Release|Any CPU
		{FCB14BB4-C3C0-475D-8CFF-BAEAE6C8F77D}.Release|Any CPU.Build.0 = Release|Any CPU
		{56CFCC2D-69B2-4709-BC28-E548DE08C774}.Debug|Any CPU.ActiveCfg = Debug|Any CPU
		{56CFCC2D-69B2-4709-BC28-E548DE08C774}.Debug|Any CPU.Build.0 = Debug|Any CPU
		{56CFCC2D-69B2-4709-BC28-E548DE08C774}.Release|Any CPU.ActiveCfg = Release|Any CPU
		{56CFCC2D-69B2-4709-BC28-E548DE08C774}.Release|Any CPU.Build.0 = Release|Any CPU
		{B0B770BF-44E2-4215-AB88-AC9F4D1308F6}.Debug|Any CPU.ActiveCfg = Debug|Any CPU
		{B0B770BF-44E2-4215-AB88-AC9F4D1308F6}.Debug|Any CPU.Build.0 = Debug|Any CPU
		{B0B770BF-44E2-4215-AB88-AC9F4D1308F6}.Release|Any CPU.ActiveCfg = Release|Any CPU
		{B0B770BF-44E2-4215-AB88-AC9F4D1308F6}.Release|Any CPU.Build.0 = Release|Any CPU
		{A3ACA33D-6226-7668-2993-2FC9EA8C783B}.Debug|Any CPU.ActiveCfg = Debug|Any CPU
		{A3ACA33D-6226-7668-2993-2FC9EA8C783B}.Debug|Any CPU.Build.0 = Debug|Any CPU
		{A3ACA33D-6226-7668-2993-2FC9EA8C783B}.Release|Any CPU.ActiveCfg = Release|Any CPU
		{A3ACA33D-6226-7668-2993-2FC9EA8C783B}.Release|Any CPU.Build.0 = Release|Any CPU
		{D9DF0763-41E0-4C77-B912-13A338CCAD18}.Debug|Any CPU.ActiveCfg = Debug|Any CPU
		{D9DF0763-41E0-4C77-B912-13A338CCAD18}.Debug|Any CPU.Build.0 = Debug|Any CPU
		{D9DF0763-41E0-4C77-B912-13A338CCAD18}.Release|Any CPU.ActiveCfg = Release|Any CPU
		{D9DF0763-41E0-4C77-B912-13A338CCAD18}.Release|Any CPU.Build.0 = Release|Any CPU
		{A855E147-AA6C-40A4-9ACB-FA9CF0EBF3E8}.Debug|Any CPU.ActiveCfg = Debug|Any CPU
		{A855E147-AA6C-40A4-9ACB-FA9CF0EBF3E8}.Debug|Any CPU.Build.0 = Debug|Any CPU
		{A855E147-AA6C-40A4-9ACB-FA9CF0EBF3E8}.Release|Any CPU.ActiveCfg = Release|Any CPU
		{A855E147-AA6C-40A4-9ACB-FA9CF0EBF3E8}.Release|Any CPU.Build.0 = Release|Any CPU
		{6F9DD112-2ADE-446B-BB99-23C33A135765}.Debug|Any CPU.ActiveCfg = Debug|Any CPU
		{6F9DD112-2ADE-446B-BB99-23C33A135765}.Debug|Any CPU.Build.0 = Debug|Any CPU
		{6F9DD112-2ADE-446B-BB99-23C33A135765}.Release|Any CPU.ActiveCfg = Release|Any CPU
		{6F9DD112-2ADE-446B-BB99-23C33A135765}.Release|Any CPU.Build.0 = Release|Any CPU
		{9A2DC0A0-F319-4461-8AE9-D9120043D0E6}.Debug|Any CPU.ActiveCfg = Debug|Any CPU
		{9A2DC0A0-F319-4461-8AE9-D9120043D0E6}.Debug|Any CPU.Build.0 = Debug|Any CPU
		{9A2DC0A0-F319-4461-8AE9-D9120043D0E6}.Release|Any CPU.ActiveCfg = Release|Any CPU
		{9A2DC0A0-F319-4461-8AE9-D9120043D0E6}.Release|Any CPU.Build.0 = Release|Any CPU
		{766DC129-B7E6-6BE5-67FF-02794A6C9D6A}.Debug|Any CPU.ActiveCfg = Debug|Any CPU
		{766DC129-B7E6-6BE5-67FF-02794A6C9D6A}.Debug|Any CPU.Build.0 = Debug|Any CPU
		{766DC129-B7E6-6BE5-67FF-02794A6C9D6A}.Release|Any CPU.ActiveCfg = Release|Any CPU
		{766DC129-B7E6-6BE5-67FF-02794A6C9D6A}.Release|Any CPU.Build.0 = Release|Any CPU
		{120C5457-B450-4D49-AE70-D8DAFCD7247E}.Debug|Any CPU.ActiveCfg = Debug|Any CPU
		{120C5457-B450-4D49-AE70-D8DAFCD7247E}.Debug|Any CPU.Build.0 = Debug|Any CPU
		{120C5457-B450-4D49-AE70-D8DAFCD7247E}.Release|Any CPU.ActiveCfg = Release|Any CPU
		{120C5457-B450-4D49-AE70-D8DAFCD7247E}.Release|Any CPU.Build.0 = Release|Any CPU
	EndGlobalSection
	GlobalSection(SolutionProperties) = preSolution
		HideSolutionNode = FALSE
	EndGlobalSection
	GlobalSection(NestedProjects) = preSolution
		{8D2F4E51-97DC-43F3-A6EC-02D97B7175FE} = {DDB4EF12-CC4E-5E88-E6FC-71A802F4DE97}
		{D0F00D84-AD20-C5D6-67FE-85D6CB59A7CE} = {DDB4EF12-CC4E-5E88-E6FC-71A802F4DE97}
		{EB11C1AF-3BBE-9D8B-B13B-CEF382F22312} = {DDB4EF12-CC4E-5E88-E6FC-71A802F4DE97}
		{457BDFF9-F9F9-422C-87BA-E87D317E7A4F} = {5CB48D3C-65E9-49F1-A666-21A9D2011DB8}
		{6BD0B93C-1456-4549-AA8C-524B6DCEC1A7} = {457BDFF9-F9F9-422C-87BA-E87D317E7A4F}
		{2F757446-1FFB-4A39-BE42-7304CFA4C046} = {E6AAFA91-59EB-4CB1-8C1F-A33AC1A3744F}
		{AC2DBA80-72E2-4434-83B0-24A0E68277A0} = {2F757446-1FFB-4A39-BE42-7304CFA4C046}
		{77529760-4818-4B02-8611-5EC56F9412D1} = {5CB48D3C-65E9-49F1-A666-21A9D2011DB8}
		{4A18319B-75D1-44DB-9A2B-CD97B45F1496} = {77529760-4818-4B02-8611-5EC56F9412D1}
		{CA6135ED-1C69-4152-A605-A4DA588D6C16} = {5CB48D3C-65E9-49F1-A666-21A9D2011DB8}
		{2B83037F-3E26-4505-A010-5C6CA5E1C3F5} = {CA6135ED-1C69-4152-A605-A4DA588D6C16}
		{51F849FD-5D3F-4C2D-AC3A-F495D0429671} = {CA6135ED-1C69-4152-A605-A4DA588D6C16}
		{5C5F81B7-DAEA-4236-A7C9-31447F71F0AE} = {EB9D1B79-BC79-4180-B3EA-5F679BFA3C86}
		{9D60FCCE-4379-457E-80E9-761A0201D373} = {5C5F81B7-DAEA-4236-A7C9-31447F71F0AE}
		{82FE85FA-EE81-4502-B7EF-E735CE9EF6CE} = {5C5F81B7-DAEA-4236-A7C9-31447F71F0AE}
		{0B0C7360-CB6E-469C-B17C-38C80AA45393} = {EB9D1B79-BC79-4180-B3EA-5F679BFA3C86}
		{AB419EE4-F5A3-4431-A30A-DF625E14C589} = {0B0C7360-CB6E-469C-B17C-38C80AA45393}
		{9661600F-9E2E-EC39-AFA2-64DBC15CE967} = {0B0C7360-CB6E-469C-B17C-38C80AA45393}
		{DCD2D745-66E8-4157-B1E1-B0A529FFF88F} = {E6AAFA91-59EB-4CB1-8C1F-A33AC1A3744F}
		{85E2FC25-91CF-4A20-B07E-537D1FDD450A} = {DCD2D745-66E8-4157-B1E1-B0A529FFF88F}
		{5D02304B-D35C-4226-9733-AAF9A3FCCF6B} = {E6AAFA91-59EB-4CB1-8C1F-A33AC1A3744F}
		{8928391E-69DF-45CB-B084-0FDA0D9D6574} = {5D02304B-D35C-4226-9733-AAF9A3FCCF6B}
		{C1D63E63-E64B-FCB7-4276-5EBCB0FEC291} = {5D02304B-D35C-4226-9733-AAF9A3FCCF6B}
		{3BB98DD6-CA89-42A2-B5FE-78251202AEB8} = {1E97B342-7D2A-4848-9B87-4CF1BFFE3A47}
		{FCB14BB4-C3C0-475D-8CFF-BAEAE6C8F77D} = {3BB98DD6-CA89-42A2-B5FE-78251202AEB8}
		{111A3B26-BC01-4382-AA3F-60B6B7F58937} = {1E97B342-7D2A-4848-9B87-4CF1BFFE3A47}
		{56CFCC2D-69B2-4709-BC28-E548DE08C774} = {111A3B26-BC01-4382-AA3F-60B6B7F58937}
		{B372AFB8-512A-4A39-8A6E-DAA6382F0F0D} = {1E97B342-7D2A-4848-9B87-4CF1BFFE3A47}
		{B0B770BF-44E2-4215-AB88-AC9F4D1308F6} = {B372AFB8-512A-4A39-8A6E-DAA6382F0F0D}
		{A3ACA33D-6226-7668-2993-2FC9EA8C783B} = {B372AFB8-512A-4A39-8A6E-DAA6382F0F0D}
		{D9DF0763-41E0-4C77-B912-13A338CCAD18} = {B372AFB8-512A-4A39-8A6E-DAA6382F0F0D}
		{0858CC3A-B327-46AE-8CB6-745A305613E7} = {814AA2D9-97EA-407F-A38C-90BF313F6B15}
		{A855E147-AA6C-40A4-9ACB-FA9CF0EBF3E8} = {0858CC3A-B327-46AE-8CB6-745A305613E7}
		{1387930F-04D4-4EAD-B902-7EA11162D2CB} = {814AA2D9-97EA-407F-A38C-90BF313F6B15}
		{6F9DD112-2ADE-446B-BB99-23C33A135765} = {1387930F-04D4-4EAD-B902-7EA11162D2CB}
		{9A2DC0A0-F319-4461-8AE9-D9120043D0E6} = {1387930F-04D4-4EAD-B902-7EA11162D2CB}
		{766DC129-B7E6-6BE5-67FF-02794A6C9D6A} = {1387930F-04D4-4EAD-B902-7EA11162D2CB}
		{2286E314-8C3C-4E46-89A0-2A253A6E9124} = {814AA2D9-97EA-407F-A38C-90BF313F6B15}
		{120C5457-B450-4D49-AE70-D8DAFCD7247E} = {2286E314-8C3C-4E46-89A0-2A253A6E9124}
	EndGlobalSection
	GlobalSection(ExtensibilityGlobals) = postSolution
		SolutionGuid = {C370C3C8-1D6B-4D52-8FF1-C941157E3425}
	EndGlobalSection
EndGlobal
