
Microsoft Visual Studio Solution File, Format Version 12.00
# Visual Studio Version 17
VisualStudioVersion = 17.14.36623.8
MinimumVisualStudioVersion = 10.0.40219.1
Project("{2150E333-8FDC-42A3-9474-1A3956D46DE8}") = "Chapter00", "Chapter00", "{DDB4EF12-CC4E-5E88-E6FC-71A802F4DE97}"
EndProject
Project("{FAE04EC0-301F-11D3-BF4B-00C04F79EFBC}") = "Sample0416", "Chapter00\Sample0416\Sample0416.csproj", "{8D2F4E51-97DC-43F3-A6EC-02D97B7175FE}"
EndProject
Project("{FAE04EC0-301F-11D3-BF4B-00C04F79EFBC}") = "sample0415", "Chapter00\sample0415\sample0415\sample0415.csproj", "{D0F00D84-AD20-C5D6-67FE-85D6CB59A7CE}"
EndProject
Project("{FAE04EC0-301F-11D3-BF4B-00C04F79EFBC}") = "sample0413", "Chapter00\sample0413\sample0413\sample0413.csproj", "{EB11C1AF-3BBE-9D8B-B13B-CEF382F22312}"
EndProject
Project("{2150E333-8FDC-42A3-9474-1A3956D46DE8}") = "Chapter01", "Chapter01", "{F59B5244-9216-4579-AA98-67731D157C60}"
EndProject
Project("{2150E333-8FDC-42A3-9474-1A3956D46DE8}") = "Chapter02", "Chapter02", "{5CB48D3C-65E9-49F1-A666-21A9D2011DB8}"
EndProject
Project("{2150E333-8FDC-42A3-9474-1A3956D46DE8}") = "距離換算プログラム", "距離換算プログラム", "{457BDFF9-F9F9-422C-87BA-E87D317E7A4F}"
EndProject
Project("{FAE04EC0-301F-11D3-BF4B-00C04F79EFBC}") = "DistanceConverter", "Chapter02\距離換算プログラム\DistanceConverter\DistanceConverter.csproj", "{6BD0B93C-1456-4549-AA8C-524B6DCEC1A7}"
EndProject
Project("{2150E333-8FDC-42A3-9474-1A3956D46DE8}") = "Chapter04", "Chapter04", "{E6AAFA91-59EB-4CB1-8C1F-A33AC1A3744F}"
EndProject
Project("{2150E333-8FDC-42A3-9474-1A3956D46DE8}") = "P108_文字列を数値に変換する", "P108_文字列を数値に変換する", "{2F757446-1FFB-4A39-BE42-7304CFA4C046}"
EndProject
Project("{FAE04EC0-301F-11D3-BF4B-00C04F79EFBC}") = "Code4_36", "Chapter04\P108_文字列を数値に変換する\Code4_36\Code4_36.csproj", "{AC2DBA80-72E2-4434-83B0-24A0E68277A0}"
EndProject
Project("{2150E333-8FDC-42A3-9474-1A3956D46DE8}") = "売上集計プログラム", "売上集計プログラム", "{77529760-4818-4B02-8611-5EC56F9412D1}"
EndProject
Project("{FAE04EC0-301F-11D3-BF4B-00C04F79EFBC}") = "SalesCalculator", "Chapter02\売り上げ集計プログラム\SalesCalculator\SalesCalculator.csproj", "{4A18319B-75D1-44DB-9A2B-CD97B45F1496}"
EndProject
Global
	GlobalSection(SolutionConfigurationPlatforms) = preSolution
		Debug|Any CPU = Debug|Any CPU
		Release|Any CPU = Release|Any CPU
	EndGlobalSection
	GlobalSection(ProjectConfigurationPlatforms) = postSolution
		{8D2F4E51-97DC-43F3-A6EC-02D97B7175FE}.Debug|Any CPU.ActiveCfg = Debug|Any CPU
		{8D2F4E51-97DC-43F3-A6EC-02D97B7175FE}.Debug|Any CPU.Build.0 = Debug|Any CPU
		{8D2F4E51-97DC-43F3-A6EC-02D97B7175FE}.Release|Any CPU.ActiveCfg = Release|Any CPU
		{8D2F4E51-97DC-43F3-A6EC-02D97B7175FE}.Release|Any CPU.Build.0 = Release|Any CPU
		{D0F00D84-AD20-C5D6-67FE-85D6CB59A7CE}.Debug|Any CPU.ActiveCfg = Debug|Any CPU
		{D0F00D84-AD20-C5D6-67FE-85D6CB59A7CE}.Debug|Any CPU.Build.0 = Debug|Any CPU
		{D0F00D84-AD20-C5D6-67FE-85D6CB59A7CE}.Release|Any CPU.ActiveCfg = Release|Any CPU
		{D0F00D84-AD20-C5D6-67FE-85D6CB59A7CE}.Release|Any CPU.Build.0 = Release|Any CPU
		{EB11C1AF-3BBE-9D8B-B13B-CEF382F22312}.Debug|Any CPU.ActiveCfg = Debug|Any CPU
		{EB11C1AF-3BBE-9D8B-B13B-CEF382F22312}.Debug|Any CPU.Build.0 = Debug|Any CPU
		{EB11C1AF-3BBE-9D8B-B13B-CEF382F22312}.Release|Any CPU.ActiveCfg = Release|Any CPU
		{EB11C1AF-3BBE-9D8B-B13B-CEF382F22312}.Release|Any CPU.Build.0 = Release|Any CPU
		{6BD0B93C-1456-4549-AA8C-524B6DCEC1A7}.Debug|Any CPU.ActiveCfg = Debug|Any CPU
		{6BD0B93C-1456-4549-AA8C-524B6DCEC1A7}.Debug|Any CPU.Build.0 = Debug|Any CPU
		{6BD0B93C-1456-4549-AA8C-524B6DCEC1A7}.Release|Any CPU.ActiveCfg = Release|Any CPU
		{6BD0B93C-1456-4549-AA8C-524B6DCEC1A7}.Release|Any CPU.Build.0 = Release|Any CPU
		{AC2DBA80-72E2-4434-83B0-24A0E68277A0}.Debug|Any CPU.ActiveCfg = Debug|Any CPU
		{AC2DBA80-72E2-4434-83B0-24A0E68277A0}.Debug|Any CPU.Build.0 = Debug|Any CPU
		{AC2DBA80-72E2-4434-83B0-24A0E68277A0}.Release|Any CPU.ActiveCfg = Release|Any CPU
		{AC2DBA80-72E2-4434-83B0-24A0E68277A0}.Release|Any CPU.Build.0 = Release|Any CPU
		{4A18319B-75D1-44DB-9A2B-CD97B45F1496}.Debug|Any CPU.ActiveCfg = Debug|Any CPU
		{4A18319B-75D1-44DB-9A2B-CD97B45F1496}.Debug|Any CPU.Build.0 = Debug|Any CPU
		{4A18319B-75D1-44DB-9A2B-CD97B45F1496}.Release|Any CPU.ActiveCfg = Release|Any CPU
		{4A18319B-75D1-44DB-9A2B-CD97B45F1496}.Release|Any CPU.Build.0 = Release|Any CPU
	EndGlobalSection
	GlobalSection(SolutionProperties) = preSolution
		HideSolutionNode = FALSE
	EndGlobalSection
	GlobalSection(NestedProjects) = preSolution
		{8D2F4E51-97DC-43F3-A6EC-02D97B7175FE} = {DDB4EF12-CC4E-5E88-E6FC-71A802F4DE97}
		{D0F00D84-AD20-C5D6-67FE-85D6CB59A7CE} = {DDB4EF12-CC4E-5E88-E6FC-71A802F4DE97}
		{EB11C1AF-3BBE-9D8B-B13B-CEF382F22312} = {DDB4EF12-CC4E-5E88-E6FC-71A802F4DE97}
		{457BDFF9-F9F9-422C-87BA-E87D317E7A4F} = {5CB48D3C-65E9-49F1-A666-21A9D2011DB8}
		{6BD0B93C-1456-4549-AA8C-524B6DCEC1A7} = {457BDFF9-F9F9-422C-87BA-E87D317E7A4F}
		{2F757446-1FFB-4A39-BE42-7304CFA4C046} = {E6AAFA91-59EB-4CB1-8C1F-A33AC1A3744F}
		{AC2DBA80-72E2-4434-83B0-24A0E68277A0} = {2F757446-1FFB-4A39-BE42-7304CFA4C046}
		{77529760-4818-4B02-8611-5EC56F9412D1} = {5CB48D3C-65E9-49F1-A666-21A9D2011DB8}
		{4A18319B-75D1-44DB-9A2B-CD97B45F1496} = {77529760-4818-4B02-8611-5EC56F9412D1}
	EndGlobalSection
	GlobalSection(ExtensibilityGlobals) = postSolution
		SolutionGuid = {C370C3C8-1D6B-4D52-8FF1-C941157E3425}
	EndGlobalSection
EndGlobal
