
Microsoft Visual Studio Solution File, Format Version 12.00
# Visual Studio Version 17
VisualStudioVersion = 17.14.36623.8 d17.14
MinimumVisualStudioVersion = 10.0.40219.1
Project("{FAE04EC0-301F-11D3-BF4B-00C04F79EFBC}") = "sample0413", "sample0413\sample0413.csproj", "{AD7006BD-54A6-4C60-8B7E-56CEB3961331}"
EndProject
Global
	GlobalSection(SolutionConfigurationPlatforms) = preSolution
		Debug|Any CPU = Debug|Any CPU
		Release|Any CPU = Release|Any CPU
	EndGlobalSection
	GlobalSection(ProjectConfigurationPlatforms) = postSolution
		{AD7006BD-54A6-4C60-8B7E-56CEB3961331}.Debug|Any CPU.ActiveCfg = Debug|Any CPU
		{AD7006BD-54A6-4C60-8B7E-56CEB3961331}.Debug|Any CPU.Build.0 = Debug|Any CPU
		{AD7006BD-54A6-4C60-8B7E-56CEB3961331}.Release|Any CPU.ActiveCfg = Release|Any CPU
		{AD7006BD-54A6-4C60-8B7E-56CEB3961331}.Release|Any CPU.Build.0 = Release|Any CPU
	EndGlobalSection
	GlobalSection(SolutionProperties) = preSolution
		HideSolutionNode = FALSE
	EndGlobalSection
	GlobalSection(ExtensibilityGlobals) = postSolution
		SolutionGuid = {44D29866-AA60-4EBC-8BBA-F9DC472F6063}
	EndGlobalSection
EndGlobal
